
Microsoft Visual Studio Solution File, Format Version 12.00
# Visual Studio Version 17
VisualStudioVersion = 17.0.31903.59
MinimumVisualStudioVersion = 10.0.40219.1
Project("{9A19103F-16F7-4668-BE54-9A1E7A4F7556}") = "Challenge.CLI", "CLI\Challenge.CLI.csproj", "{29C67C95-2526-46DC-98BB-6C555863EF9E}"
EndProject
Project("{9A19103F-16F7-4668-BE54-9A1E7A4F7556}") = "Challenge.CLI.Tests", "Tests\Challenge.CLI.Tests.csproj", "{78720666-44FB-4E2E-875D-EC84AEF8CFB9}"
EndProject
Project("{E53339B2-1760-4266-BCC7-CA923CBCF16C}") = "docker-compose", "docker-compose.dcproj", "{B5B33E95-609F-4719-B741-738778E99DB6}"
EndProject
Global
	GlobalSection(SolutionConfigurationPlatforms) = preSolution
		Debug|Any CPU = Debug|Any CPU
		Release|Any CPU = Release|Any CPU
	EndGlobalSection
	GlobalSection(ProjectConfigurationPlatforms) = postSolution
		{29C67C95-2526-46DC-98BB-6C555863EF9E}.Debug|Any CPU.ActiveCfg = Debug|Any CPU
		{29C67C95-2526-46DC-98BB-6C555863EF9E}.Debug|Any CPU.Build.0 = Debug|Any CPU
		{29C67C95-2526-46DC-98BB-6C555863EF9E}.Release|Any CPU.ActiveCfg = Release|Any CPU
		{29C67C95-2526-46DC-98BB-6C555863EF9E}.Release|Any CPU.Build.0 = Release|Any CPU
		{78720666-44FB-4E2E-875D-EC84AEF8CFB9}.Debug|Any CPU.ActiveCfg = Debug|Any CPU
		{78720666-44FB-4E2E-875D-EC84AEF8CFB9}.Debug|Any CPU.Build.0 = Debug|Any CPU
		{78720666-44FB-4E2E-875D-EC84AEF8CFB9}.Release|Any CPU.ActiveCfg = Release|Any CPU
		{78720666-44FB-4E2E-875D-EC84AEF8CFB9}.Release|Any CPU.Build.0 = Release|Any CPU
		{B5B33E95-609F-4719-B741-738778E99DB6}.Debug|Any CPU.ActiveCfg = Debug|Any CPU
		{B5B33E95-609F-4719-B741-738778E99DB6}.Debug|Any CPU.Build.0 = Debug|Any CPU
		{B5B33E95-609F-4719-B741-738778E99DB6}.Release|Any CPU.ActiveCfg = Release|Any CPU
		{B5B33E95-609F-4719-B741-738778E99DB6}.Release|Any CPU.Build.0 = Release|Any CPU
	EndGlobalSection
	GlobalSection(SolutionProperties) = preSolution
		HideSolutionNode = FALSE
	EndGlobalSection
	GlobalSection(ExtensibilityGlobals) = postSolution
		SolutionGuid = {5BD324A5-2F6F-410D-A948-0FF3C927332C}
	EndGlobalSection
EndGlobal
