
Microsoft Visual Studio Solution File, Format Version 12.00
# Visual Studio Version 17
VisualStudioVersion = 17.7.34221.43
MinimumVisualStudioVersion = 10.0.40219.1
Project("{F2A71F9B-5D33-465A-A702-920D77279786}") = "challenge.cli", "cli\challenge.cli.fsproj", "{417A09DB-222E-4EEC-8200-C85604167555}"
EndProject
Global
	GlobalSection(SolutionConfigurationPlatforms) = preSolution
		Debug|Any CPU = Debug|Any CPU
		Release|Any CPU = Release|Any CPU
	EndGlobalSection
	GlobalSection(ProjectConfigurationPlatforms) = postSolution
		{417A09DB-222E-4EEC-8200-C85604167555}.Debug|Any CPU.ActiveCfg = Debug|Any CPU
		{417A09DB-222E-4EEC-8200-C85604167555}.Debug|Any CPU.Build.0 = Debug|Any CPU
		{417A09DB-222E-4EEC-8200-C85604167555}.Release|Any CPU.ActiveCfg = Release|Any CPU
		{417A09DB-222E-4EEC-8200-C85604167555}.Release|Any CPU.Build.0 = Release|Any CPU
	EndGlobalSection
	GlobalSection(SolutionProperties) = preSolution
		HideSolutionNode = FALSE
	EndGlobalSection
	GlobalSection(ExtensibilityGlobals) = postSolution
		SolutionGuid = {1760B853-43C3-48CB-A70C-B302567293FC}
	EndGlobalSection
EndGlobal
